
Microsoft Visual Studio Solution File, Format Version 12.00
# Visual Studio Version 17
VisualStudioVersion = 17.8.34511.84
MinimumVisualStudioVersion = 10.0.40219.1
Project("{9A19103F-16F7-4668-BE54-9A1E7A4F7556}") = "OnEvent", "OnEvent\OnEvent.csproj", "{BB080815-914A-4E6B-AF82-BCDA487326BE}"
EndProject
Project("{FAE04EC0-301F-11D3-BF4B-00C04F79EFBC}") = "DataAccess", "DataAccess\DataAccess.csproj", "{6CDE03E2-0BEF-4E37-B2EB-0979F717FEBD}"
EndProject
Project("{FAE04EC0-301F-11D3-BF4B-00C04F79EFBC}") = "Models", "Models\Models.csproj", "{FD531C36-1ABF-42EC-BD2D-5FE2DC116DE9}"
EndProject
Global
	GlobalSection(SolutionConfigurationPlatforms) = preSolution
		Debug|Any CPU = Debug|Any CPU
		Release|Any CPU = Release|Any CPU
	EndGlobalSection
	GlobalSection(ProjectConfigurationPlatforms) = postSolution
		{BB080815-914A-4E6B-AF82-BCDA487326BE}.Debug|Any CPU.ActiveCfg = Debug|Any CPU
		{BB080815-914A-4E6B-AF82-BCDA487326BE}.Debug|Any CPU.Build.0 = Debug|Any CPU
		{BB080815-914A-4E6B-AF82-BCDA487326BE}.Release|Any CPU.ActiveCfg = Release|Any CPU
		{BB080815-914A-4E6B-AF82-BCDA487326BE}.Release|Any CPU.Build.0 = Release|Any CPU
		{6CDE03E2-0BEF-4E37-B2EB-0979F717FEBD}.Debug|Any CPU.ActiveCfg = Debug|Any CPU
		{6CDE03E2-0BEF-4E37-B2EB-0979F717FEBD}.Debug|Any CPU.Build.0 = Debug|Any CPU
		{6CDE03E2-0BEF-4E37-B2EB-0979F717FEBD}.Release|Any CPU.ActiveCfg = Release|Any CPU
		{6CDE03E2-0BEF-4E37-B2EB-0979F717FEBD}.Release|Any CPU.Build.0 = Release|Any CPU
		{FD531C36-1ABF-42EC-BD2D-5FE2DC116DE9}.Debug|Any CPU.ActiveCfg = Debug|Any CPU
		{FD531C36-1ABF-42EC-BD2D-5FE2DC116DE9}.Debug|Any CPU.Build.0 = Debug|Any CPU
		{FD531C36-1ABF-42EC-BD2D-5FE2DC116DE9}.Release|Any CPU.ActiveCfg = Release|Any CPU
		{FD531C36-1ABF-42EC-BD2D-5FE2DC116DE9}.Release|Any CPU.Build.0 = Release|Any CPU
	EndGlobalSection
	GlobalSection(SolutionProperties) = preSolution
		HideSolutionNode = FALSE
	EndGlobalSection
	GlobalSection(ExtensibilityGlobals) = postSolution
		SolutionGuid = {00AEDADD-E2BE-4570-AF43-F457E1D0C0E4}
	EndGlobalSection
EndGlobal
